{
  "name": "layout-designer-project-lvl1",
  "version": "1.0.0",
  "lockfileVersion": 2,
  "requires": true,
  "packages": {
    "": {
      "name": "layout-designer-project-lvl1",
      "version": "1.0.0",
      "license": "ISC",
      "devDependencies": {
        "htmlhintrc": "^1.0.1"
      }
    },
    "node_modules/htmlhintrc": {
      "version": "1.0.1",
      "resolved": "https://registry.npmjs.org/htmlhintrc/-/htmlhintrc-1.0.1.tgz",
      "integrity": "sha512-6iwEJDrg+pgt2+XtlLijwuX6aJkQhB6KHacNHeP0NU3lMowYrwknQWOZ6QAcmgMJlx9nGRoVQR+Ymqo2KyNiDA==",
      "dev": true
    }
  },
  "dependencies": {
    "htmlhintrc": {
      "version": "1.0.1",
      "resolved": "https://registry.npmjs.org/htmlhintrc/-/htmlhintrc-1.0.1.tgz",
      "integrity": "sha512-6iwEJDrg+pgt2+XtlLijwuX6aJkQhB6KHacNHeP0NU3lMowYrwknQWOZ6QAcmgMJlx9nGRoVQR+Ymqo2KyNiDA==",
      "dev": true
    }
  }
}
